
Microsoft Visual Studio Solution File, Format Version 12.00
# Visual Studio Version 18
VisualStudioVersion = 18.0.11205.157
MinimumVisualStudioVersion = 10.0.40219.1
Project("{2150E333-8FDC-42A3-9474-1A3956D46DE8}") = "SourceGenerators", "SourceGenerators", "{64CC5228-08E2-4BDA-BA3B-0C7CFC7D639E}"
EndProject
Project("{2150E333-8FDC-42A3-9474-1A3956D46DE8}") = "EmptyConstructor", "EmptyConstructor", "{1374FE05-46C8-4609-A6B0-42C218B86C4E}"
	ProjectSection(SolutionItems) = preProject
		SourceGenerators\EmptyConstructor\README.MD = SourceGenerators\EmptyConstructor\README.MD
	EndProjectSection
EndProject
Project("{9A19103F-16F7-4668-BE54-9A1E7A4F7556}") = "Cblx.Blocks.SourceGenerators.EmptyConstructor", "SourceGenerators\EmptyConstructor\Generator\Cblx.Blocks.SourceGenerators.EmptyConstructor.csproj", "{95DA746D-8D18-483C-A89B-C9626EF1699A}"
EndProject
Project("{9A19103F-16F7-4668-BE54-9A1E7A4F7556}") = "Cblx.Blocks.SourceGenerators.EmptyConstructor.Tests", "SourceGenerators\EmptyConstructor\Tests\Cblx.Blocks.SourceGenerators.EmptyConstructor.Tests.csproj", "{5F5E4510-FDAA-485D-A61B-5E92EC589488}"
EndProject
Project("{9A19103F-16F7-4668-BE54-9A1E7A4F7556}") = "Cblx.Blocks.SourceGenerators.EmptyConstructor.Abstractions", "SourceGenerators\EmptyConstructor\Abstractions\Cblx.Blocks.SourceGenerators.EmptyConstructor.Abstractions.csproj", "{E1BABDF7-298B-4C4B-80D0-5FC2C849F0AF}"
EndProject
Project("{2150E333-8FDC-42A3-9474-1A3956D46DE8}") = "Testing", "Testing", "{8F72AB4A-BAD4-49FE-B692-8E1DB5E3CC8B}"
EndProject
Project("{2150E333-8FDC-42A3-9474-1A3956D46DE8}") = "Xunit", "Xunit", "{5D301BB4-ADE1-48E4-8AA1-A62C859AFA36}"
EndProject
Project("{9A19103F-16F7-4668-BE54-9A1E7A4F7556}") = "Cblx.Blocks.Testing.Xunit", "Testing\Xunit\Cblx.Blocks.Testing.Xunit.csproj", "{1C410AE4-7578-4532-9ACB-C5B3F36C9CB5}"
EndProject
Project("{2150E333-8FDC-42A3-9474-1A3956D46DE8}") = "Common", "Common", "{0602E561-E716-4C57-96DE-69931FF9769D}"
EndProject
Project("{9A19103F-16F7-4668-BE54-9A1E7A4F7556}") = "Cblx.Blocks.SourceGenerators.TestHelpers", "SourceGenerators\Common\TestHelpers\Cblx.Blocks.SourceGenerators.TestHelpers.csproj", "{282A7FBB-C475-4354-97D9-C288DDEAD384}"
EndProject
Project("{2150E333-8FDC-42A3-9474-1A3956D46DE8}") = "_global", "_global", "{3D0E88A8-5B2C-4E55-BA9C-198587580420}"
	ProjectSection(SolutionItems) = preProject
		.github\workflows\publish.yml = .github\workflows\publish.yml
	EndProjectSection
EndProject
Project("{2150E333-8FDC-42A3-9474-1A3956D46DE8}") = "Analyzers", "Analyzers", "{7CADCC44-E359-4744-BD89-BDDE6CF970EF}"
EndProject
Project("{2150E333-8FDC-42A3-9474-1A3956D46DE8}") = "Endpoints", "Endpoints", "{58BFBD84-FA1F-4E45-9803-6AB827935971}"
EndProject
Project("{FAE04EC0-301F-11D3-BF4B-00C04F79EFBC}") = "Cblx.Blocks.Analyzers.Endpoints", "Analyzers\Endpoints\Analyzer\Cblx.Blocks.Analyzers.Endpoints.csproj", "{7FB1A3F1-F4ED-4537-84B8-3D29B7267497}"
EndProject
Project("{FAE04EC0-301F-11D3-BF4B-00C04F79EFBC}") = "Cblx.Blocks.Analyzers.Endpoints.Sample", "Analyzers\Endpoints\Sample\Cblx.Blocks.Analyzers.Endpoints.Sample.csproj", "{CA5B3CB8-3C15-483B-86C1-A505FF13679B}"
EndProject
Project("{FAE04EC0-301F-11D3-BF4B-00C04F79EFBC}") = "Cblx.Blocks.Analyzers.Endpoints.Tests", "Analyzers\Endpoints\Tests\Cblx.Blocks.Analyzers.Endpoints.Tests.csproj", "{08662257-DA20-489A-8757-0DC2D438B220}"
EndProject
Project("{2150E333-8FDC-42A3-9474-1A3956D46DE8}") = "RpcEndpoints", "RpcEndpoints", "{759623EF-B403-469D-9424-64E2077EF782}"
EndProject
Project("{FAE04EC0-301F-11D3-BF4B-00C04F79EFBC}") = "Cblx.Blocks.RpcEndpoints", "RpcEndpoints\Abstractions\Cblx.Blocks.RpcEndpoints.csproj", "{3F48B803-F103-4906-A0A6-CADC32E45884}"
EndProject
Project("{FAE04EC0-301F-11D3-BF4B-00C04F79EFBC}") = "Cblx.Blocks.RpcEndpoints.Server", "RpcEndpoints\Server\Cblx.Blocks.RpcEndpoints.Server.csproj", "{C2AF519D-EF2E-42FD-9074-27DE8B01334E}"
EndProject
Project("{FAE04EC0-301F-11D3-BF4B-00C04F79EFBC}") = "Cblx.Blocks.RpcEndpoints.Tests", "RpcEndpoints\Tests\Cblx.Blocks.RpcEndpoints.Tests.csproj", "{CCDBA239-4366-4861-D16E-BCDBBF6F4F7F}"
EndProject
Project("{FAE04EC0-301F-11D3-BF4B-00C04F79EFBC}") = "Cblx.Blocks.RpcEndpoints.TestsAuxServer", "RpcEndpoints\TestsAuxServer\Cblx.Blocks.RpcEndpoints.TestsAuxServer.csproj", "{2D689FE0-F4A5-496C-8AF5-D3438893E8F7}"
EndProject
Project("{FAE04EC0-301F-11D3-BF4B-00C04F79EFBC}") = "Cblx.Blocks.RpcEndpoints.TestsAuxClient", "RpcEndpoints\TestsAuxClient\Cblx.Blocks.RpcEndpoints.TestsAuxClient.csproj", "{670CF21C-106D-4B58-BE48-39A8754BFA72}"
EndProject
Global
	GlobalSection(SolutionConfigurationPlatforms) = preSolution
		Debug|Any CPU = Debug|Any CPU
		Release|Any CPU = Release|Any CPU
	EndGlobalSection
	GlobalSection(ProjectConfigurationPlatforms) = postSolution
		{95DA746D-8D18-483C-A89B-C9626EF1699A}.Debug|Any CPU.ActiveCfg = Debug|Any CPU
		{95DA746D-8D18-483C-A89B-C9626EF1699A}.Debug|Any CPU.Build.0 = Debug|Any CPU
		{95DA746D-8D18-483C-A89B-C9626EF1699A}.Release|Any CPU.ActiveCfg = Release|Any CPU
		{95DA746D-8D18-483C-A89B-C9626EF1699A}.Release|Any CPU.Build.0 = Release|Any CPU
		{5F5E4510-FDAA-485D-A61B-5E92EC589488}.Debug|Any CPU.ActiveCfg = Debug|Any CPU
		{5F5E4510-FDAA-485D-A61B-5E92EC589488}.Debug|Any CPU.Build.0 = Debug|Any CPU
		{5F5E4510-FDAA-485D-A61B-5E92EC589488}.Release|Any CPU.ActiveCfg = Release|Any CPU
		{5F5E4510-FDAA-485D-A61B-5E92EC589488}.Release|Any CPU.Build.0 = Release|Any CPU
		{E1BABDF7-298B-4C4B-80D0-5FC2C849F0AF}.Debug|Any CPU.ActiveCfg = Debug|Any CPU
		{E1BABDF7-298B-4C4B-80D0-5FC2C849F0AF}.Debug|Any CPU.Build.0 = Debug|Any CPU
		{E1BABDF7-298B-4C4B-80D0-5FC2C849F0AF}.Release|Any CPU.ActiveCfg = Release|Any CPU
		{E1BABDF7-298B-4C4B-80D0-5FC2C849F0AF}.Release|Any CPU.Build.0 = Release|Any CPU
		{1C410AE4-7578-4532-9ACB-C5B3F36C9CB5}.Debug|Any CPU.ActiveCfg = Debug|Any CPU
		{1C410AE4-7578-4532-9ACB-C5B3F36C9CB5}.Debug|Any CPU.Build.0 = Debug|Any CPU
		{1C410AE4-7578-4532-9ACB-C5B3F36C9CB5}.Release|Any CPU.ActiveCfg = Release|Any CPU
		{1C410AE4-7578-4532-9ACB-C5B3F36C9CB5}.Release|Any CPU.Build.0 = Release|Any CPU
		{282A7FBB-C475-4354-97D9-C288DDEAD384}.Debug|Any CPU.ActiveCfg = Debug|Any CPU
		{282A7FBB-C475-4354-97D9-C288DDEAD384}.Debug|Any CPU.Build.0 = Debug|Any CPU
		{282A7FBB-C475-4354-97D9-C288DDEAD384}.Release|Any CPU.ActiveCfg = Release|Any CPU
		{282A7FBB-C475-4354-97D9-C288DDEAD384}.Release|Any CPU.Build.0 = Release|Any CPU
		{7FB1A3F1-F4ED-4537-84B8-3D29B7267497}.Debug|Any CPU.ActiveCfg = Debug|Any CPU
		{7FB1A3F1-F4ED-4537-84B8-3D29B7267497}.Debug|Any CPU.Build.0 = Debug|Any CPU
		{7FB1A3F1-F4ED-4537-84B8-3D29B7267497}.Release|Any CPU.ActiveCfg = Release|Any CPU
		{7FB1A3F1-F4ED-4537-84B8-3D29B7267497}.Release|Any CPU.Build.0 = Release|Any CPU
		{CA5B3CB8-3C15-483B-86C1-A505FF13679B}.Debug|Any CPU.ActiveCfg = Debug|Any CPU
		{CA5B3CB8-3C15-483B-86C1-A505FF13679B}.Debug|Any CPU.Build.0 = Debug|Any CPU
		{CA5B3CB8-3C15-483B-86C1-A505FF13679B}.Release|Any CPU.ActiveCfg = Release|Any CPU
		{CA5B3CB8-3C15-483B-86C1-A505FF13679B}.Release|Any CPU.Build.0 = Release|Any CPU
		{08662257-DA20-489A-8757-0DC2D438B220}.Debug|Any CPU.ActiveCfg = Debug|Any CPU
		{08662257-DA20-489A-8757-0DC2D438B220}.Debug|Any CPU.Build.0 = Debug|Any CPU
		{08662257-DA20-489A-8757-0DC2D438B220}.Release|Any CPU.ActiveCfg = Release|Any CPU
		{08662257-DA20-489A-8757-0DC2D438B220}.Release|Any CPU.Build.0 = Release|Any CPU
		{3F48B803-F103-4906-A0A6-CADC32E45884}.Debug|Any CPU.ActiveCfg = Debug|Any CPU
		{3F48B803-F103-4906-A0A6-CADC32E45884}.Debug|Any CPU.Build.0 = Debug|Any CPU
		{3F48B803-F103-4906-A0A6-CADC32E45884}.Release|Any CPU.ActiveCfg = Release|Any CPU
		{3F48B803-F103-4906-A0A6-CADC32E45884}.Release|Any CPU.Build.0 = Release|Any CPU
		{C2AF519D-EF2E-42FD-9074-27DE8B01334E}.Debug|Any CPU.ActiveCfg = Debug|Any CPU
		{C2AF519D-EF2E-42FD-9074-27DE8B01334E}.Debug|Any CPU.Build.0 = Debug|Any CPU
		{C2AF519D-EF2E-42FD-9074-27DE8B01334E}.Release|Any CPU.ActiveCfg = Release|Any CPU
		{C2AF519D-EF2E-42FD-9074-27DE8B01334E}.Release|Any CPU.Build.0 = Release|Any CPU
		{CCDBA239-4366-4861-D16E-BCDBBF6F4F7F}.Debug|Any CPU.ActiveCfg = Debug|Any CPU
		{CCDBA239-4366-4861-D16E-BCDBBF6F4F7F}.Debug|Any CPU.Build.0 = Debug|Any CPU
		{CCDBA239-4366-4861-D16E-BCDBBF6F4F7F}.Release|Any CPU.ActiveCfg = Release|Any CPU
		{CCDBA239-4366-4861-D16E-BCDBBF6F4F7F}.Release|Any CPU.Build.0 = Release|Any CPU
		{2D689FE0-F4A5-496C-8AF5-D3438893E8F7}.Debug|Any CPU.ActiveCfg = Debug|Any CPU
		{2D689FE0-F4A5-496C-8AF5-D3438893E8F7}.Debug|Any CPU.Build.0 = Debug|Any CPU
		{2D689FE0-F4A5-496C-8AF5-D3438893E8F7}.Release|Any CPU.ActiveCfg = Release|Any CPU
		{2D689FE0-F4A5-496C-8AF5-D3438893E8F7}.Release|Any CPU.Build.0 = Release|Any CPU
		{670CF21C-106D-4B58-BE48-39A8754BFA72}.Debug|Any CPU.ActiveCfg = Debug|Any CPU
		{670CF21C-106D-4B58-BE48-39A8754BFA72}.Debug|Any CPU.Build.0 = Debug|Any CPU
		{670CF21C-106D-4B58-BE48-39A8754BFA72}.Release|Any CPU.ActiveCfg = Release|Any CPU
		{670CF21C-106D-4B58-BE48-39A8754BFA72}.Release|Any CPU.Build.0 = Release|Any CPU
	EndGlobalSection
	GlobalSection(SolutionProperties) = preSolution
		HideSolutionNode = FALSE
	EndGlobalSection
	GlobalSection(NestedProjects) = preSolution
		{1374FE05-46C8-4609-A6B0-42C218B86C4E} = {64CC5228-08E2-4BDA-BA3B-0C7CFC7D639E}
		{95DA746D-8D18-483C-A89B-C9626EF1699A} = {1374FE05-46C8-4609-A6B0-42C218B86C4E}
		{5F5E4510-FDAA-485D-A61B-5E92EC589488} = {1374FE05-46C8-4609-A6B0-42C218B86C4E}
		{E1BABDF7-298B-4C4B-80D0-5FC2C849F0AF} = {1374FE05-46C8-4609-A6B0-42C218B86C4E}
		{5D301BB4-ADE1-48E4-8AA1-A62C859AFA36} = {8F72AB4A-BAD4-49FE-B692-8E1DB5E3CC8B}
		{1C410AE4-7578-4532-9ACB-C5B3F36C9CB5} = {5D301BB4-ADE1-48E4-8AA1-A62C859AFA36}
		{0602E561-E716-4C57-96DE-69931FF9769D} = {64CC5228-08E2-4BDA-BA3B-0C7CFC7D639E}
		{282A7FBB-C475-4354-97D9-C288DDEAD384} = {0602E561-E716-4C57-96DE-69931FF9769D}
		{58BFBD84-FA1F-4E45-9803-6AB827935971} = {7CADCC44-E359-4744-BD89-BDDE6CF970EF}
		{7FB1A3F1-F4ED-4537-84B8-3D29B7267497} = {58BFBD84-FA1F-4E45-9803-6AB827935971}
		{CA5B3CB8-3C15-483B-86C1-A505FF13679B} = {58BFBD84-FA1F-4E45-9803-6AB827935971}
		{08662257-DA20-489A-8757-0DC2D438B220} = {58BFBD84-FA1F-4E45-9803-6AB827935971}
		{3F48B803-F103-4906-A0A6-CADC32E45884} = {759623EF-B403-469D-9424-64E2077EF782}
		{C2AF519D-EF2E-42FD-9074-27DE8B01334E} = {759623EF-B403-469D-9424-64E2077EF782}
		{CCDBA239-4366-4861-D16E-BCDBBF6F4F7F} = {759623EF-B403-469D-9424-64E2077EF782}
		{2D689FE0-F4A5-496C-8AF5-D3438893E8F7} = {759623EF-B403-469D-9424-64E2077EF782}
		{670CF21C-106D-4B58-BE48-39A8754BFA72} = {759623EF-B403-469D-9424-64E2077EF782}
	EndGlobalSection
	GlobalSection(ExtensibilityGlobals) = postSolution
		SolutionGuid = {E5FB98E3-504F-4E59-A466-98DE782B28CA}
	EndGlobalSection
EndGlobal
