
Microsoft Visual Studio Solution File, Format Version 12.00
# Visual Studio Version 17
VisualStudioVersion = 17.4.32804.182
MinimumVisualStudioVersion = 10.0.40219.1
Project("{2150E333-8FDC-42A3-9474-1A3956D46DE8}") = "HandlerBase", "HandlerBase", "{131DAEF0-5005-4D3A-B6A9-CE6E65967498}"
EndProject
Project("{9A19103F-16F7-4668-BE54-9A1E7A4F7556}") = "Cblx.Blocks.HandlerBase", "HandlerBase\Core\Cblx.Blocks.HandlerBase.csproj", "{2E0682E5-C5C2-477C-83A0-FC2AC488BA8D}"
EndProject
Project("{9A19103F-16F7-4668-BE54-9A1E7A4F7556}") = "Cblx.Blocks.HandlerBase.ClientsGenerator", "HandlerBase\ClientsGenerator\Cblx.Blocks.HandlerBase.ClientsGenerator.csproj", "{4D732C23-FD40-44C6-A87B-4ECC09FF0E7B}"
EndProject
Project("{9A19103F-16F7-4668-BE54-9A1E7A4F7556}") = "Cblx.Blocks.HandlerBase.Tests", "HandlerBase\Tests\Cblx.Blocks.HandlerBase.Tests.csproj", "{12AEA67D-128D-44B9-AA22-B73CD151791D}"
EndProject
Project("{9A19103F-16F7-4668-BE54-9A1E7A4F7556}") = "Cblx.Blocks.HandlerBase.Abstractions", "HandlerBase\Abstractions\Cblx.Blocks.HandlerBase.Abstractions.csproj", "{43BF2521-CFFD-49DD-998E-B30D6F844771}"
EndProject
Project("{2150E333-8FDC-42A3-9474-1A3956D46DE8}") = "SourceGenerators", "SourceGenerators", "{64CC5228-08E2-4BDA-BA3B-0C7CFC7D639E}"
EndProject
Project("{2150E333-8FDC-42A3-9474-1A3956D46DE8}") = "EmptyConstructor", "EmptyConstructor", "{1374FE05-46C8-4609-A6B0-42C218B86C4E}"
	ProjectSection(SolutionItems) = preProject
		SourceGenerators\EmptyConstructor\README.MD = SourceGenerators\EmptyConstructor\README.MD
	EndProjectSection
EndProject
Project("{9A19103F-16F7-4668-BE54-9A1E7A4F7556}") = "Cblx.Blocks.SourceGenerators.EmptyConstructor", "SourceGenerators\EmptyConstructor\Generator\Cblx.Blocks.SourceGenerators.EmptyConstructor.csproj", "{95DA746D-8D18-483C-A89B-C9626EF1699A}"
EndProject
Project("{9A19103F-16F7-4668-BE54-9A1E7A4F7556}") = "Cblx.Blocks.SourceGenerators.EmptyConstructor.Tests", "SourceGenerators\EmptyConstructor\Tests\Cblx.Blocks.SourceGenerators.EmptyConstructor.Tests.csproj", "{5F5E4510-FDAA-485D-A61B-5E92EC589488}"
EndProject
Project("{9A19103F-16F7-4668-BE54-9A1E7A4F7556}") = "Cblx.Blocks.SourceGenerators.EmptyConstructor.Abstractions", "SourceGenerators\EmptyConstructor\Abstractions\Cblx.Blocks.SourceGenerators.EmptyConstructor.Abstractions.csproj", "{E1BABDF7-298B-4C4B-80D0-5FC2C849F0AF}"
EndProject
Project("{2150E333-8FDC-42A3-9474-1A3956D46DE8}") = "Testing", "Testing", "{8F72AB4A-BAD4-49FE-B692-8E1DB5E3CC8B}"
EndProject
Project("{2150E333-8FDC-42A3-9474-1A3956D46DE8}") = "Xunit", "Xunit", "{5D301BB4-ADE1-48E4-8AA1-A62C859AFA36}"
EndProject
Project("{9A19103F-16F7-4668-BE54-9A1E7A4F7556}") = "Cblx.Blocks.Testing.Xunit", "Testing\Xunit\Cblx.Blocks.Testing.Xunit.csproj", "{1C410AE4-7578-4532-9ACB-C5B3F36C9CB5}"
EndProject
Project("{2150E333-8FDC-42A3-9474-1A3956D46DE8}") = "DependencyInjection", "DependencyInjection", "{EC0FB4AB-0B99-4CDD-8E20-2F65AC51A2F4}"
	ProjectSection(SolutionItems) = preProject
		SourceGenerators\DependencyInjection\README.MD = SourceGenerators\DependencyInjection\README.MD
	EndProjectSection
EndProject
Project("{9A19103F-16F7-4668-BE54-9A1E7A4F7556}") = "Cblx.Blocks.SourceGenerators.DependencyInjection", "SourceGenerators\DependencyInjection\Generator\Cblx.Blocks.SourceGenerators.DependencyInjection.csproj", "{03B0D56C-7E41-46D8-94AD-2417972A7226}"
EndProject
Project("{9A19103F-16F7-4668-BE54-9A1E7A4F7556}") = "Cblx.Blocks.SourceGenerators.DependencyInjection.Tests", "SourceGenerators\DependencyInjection\Tests\Cblx.Blocks.SourceGenerators.DependencyInjection.Tests.csproj", "{ABA341E5-BEBD-43F7-9118-7948BECDB40C}"
EndProject
Project("{2150E333-8FDC-42A3-9474-1A3956D46DE8}") = "Common", "Common", "{0602E561-E716-4C57-96DE-69931FF9769D}"
EndProject
Project("{9A19103F-16F7-4668-BE54-9A1E7A4F7556}") = "Cblx.Blocks.SourceGenerators.TestHelpers", "SourceGenerators\Common\TestHelpers\Cblx.Blocks.SourceGenerators.TestHelpers.csproj", "{282A7FBB-C475-4354-97D9-C288DDEAD384}"
EndProject
Project("{9A19103F-16F7-4668-BE54-9A1E7A4F7556}") = "Cblx.Blocks.HandlerBase.Clients", "HandlerBase\Clients\Cblx.Blocks.HandlerBase.Clients.csproj", "{0BD9AF02-535F-4ACD-9217-884323BED5F8}"
EndProject
Project("{2150E333-8FDC-42A3-9474-1A3956D46DE8}") = "Handlers", "Handlers", "{FE4C4D5B-25C2-4717-9D33-A0C9DB0353E2}"
EndProject
Project("{9A19103F-16F7-4668-BE54-9A1E7A4F7556}") = "Cblx.Blocks.Handlers.Abstractions", "Handlers\Abstractions\Cblx.Blocks.Handlers.Abstractions.csproj", "{591DD7DB-6319-448A-92EE-6B5EC67343EC}"
EndProject
Project("{9A19103F-16F7-4668-BE54-9A1E7A4F7556}") = "Cblx.Blocks.Handlers.AspNetCore", "Handlers\AspNetCore\Cblx.Blocks.Handlers.AspNetCore.csproj", "{D93B7EFF-2F32-4A05-927B-75E5EFA94DC7}"
EndProject
Project("{2150E333-8FDC-42A3-9474-1A3956D46DE8}") = "_global", "_global", "{3D0E88A8-5B2C-4E55-BA9C-198587580420}"
	ProjectSection(SolutionItems) = preProject
		.github\workflows\publish.yml = .github\workflows\publish.yml
	EndProjectSection
EndProject
Project("{2150E333-8FDC-42A3-9474-1A3956D46DE8}") = "DependencyInjection", "DependencyInjection", "{35A2467B-F774-4644-8AC9-729FDFB135D1}"
EndProject
Project("{9A19103F-16F7-4668-BE54-9A1E7A4F7556}") = "Cblx.Blocks.DependencyInjection", "DependencyInjection\Core\Cblx.Blocks.DependencyInjection.csproj", "{2C8CA804-4EEE-4FE7-8BC3-ED291A9CCB92}"
EndProject
Project("{2150E333-8FDC-42A3-9474-1A3956D46DE8}") = "Json", "Json", "{4C143678-3DFF-43F1-870C-8A15FD8FA48C}"
EndProject
Project("{FAE04EC0-301F-11D3-BF4B-00C04F79EFBC}") = "Cblx.Blocks.Json", "Json\src\Cblx.Blocks.Json.csproj", "{11745AD9-34F4-4244-97D2-DC88C150BE17}"
EndProject
Project("{FAE04EC0-301F-11D3-BF4B-00C04F79EFBC}") = "Cblx.Blocks.Json.Tests", "Json\test\Cblx.Blocks.Json.Tests.csproj", "{86E886F7-5C9F-4333-BA70-D7D7613D00DD}"
EndProject
Project("{2150E333-8FDC-42A3-9474-1A3956D46DE8}") = "Ids", "Ids", "{86FC8A8D-6688-460B-9A1F-C5A49B055C3D}"
	ProjectSection(SolutionItems) = preProject
		Ids\README.MD = Ids\README.MD
	EndProjectSection
EndProject
Project("{FAE04EC0-301F-11D3-BF4B-00C04F79EFBC}") = "Cblx.Blocks.Ids", "Ids\Core\Cblx.Blocks.Ids.csproj", "{A9A5DCB2-5ED4-491C-A4A1-CFEDA7BF66CD}"
EndProject
Project("{FAE04EC0-301F-11D3-BF4B-00C04F79EFBC}") = "Cblx.Blocks.Ids.Abstractions", "Ids\Abstractions\Cblx.Blocks.Ids.Abstractions.csproj", "{558671EC-E382-4AC8-91C6-DFD6B6702BCF}"
EndProject
Project("{FAE04EC0-301F-11D3-BF4B-00C04F79EFBC}") = "Cblx.Blocks.Ids.Generators", "Ids\Generators\Cblx.Blocks.Ids.Generators.csproj", "{F7045844-4EEB-4C8E-83CF-A7DE3B37F523}"
EndProject
Project("{FAE04EC0-301F-11D3-BF4B-00C04F79EFBC}") = "Cblx.Blocks.Ids.Tests", "Ids\Tests\Cblx.Blocks.Ids.Tests.csproj", "{56A0BECE-D158-40DA-92DC-3295AC174F55}"
EndProject
Global
	GlobalSection(SolutionConfigurationPlatforms) = preSolution
		Debug|Any CPU = Debug|Any CPU
		Release|Any CPU = Release|Any CPU
	EndGlobalSection
	GlobalSection(ProjectConfigurationPlatforms) = postSolution
		{2E0682E5-C5C2-477C-83A0-FC2AC488BA8D}.Debug|Any CPU.ActiveCfg = Debug|Any CPU
		{2E0682E5-C5C2-477C-83A0-FC2AC488BA8D}.Debug|Any CPU.Build.0 = Debug|Any CPU
		{2E0682E5-C5C2-477C-83A0-FC2AC488BA8D}.Release|Any CPU.ActiveCfg = Release|Any CPU
		{2E0682E5-C5C2-477C-83A0-FC2AC488BA8D}.Release|Any CPU.Build.0 = Release|Any CPU
		{4D732C23-FD40-44C6-A87B-4ECC09FF0E7B}.Debug|Any CPU.ActiveCfg = Debug|Any CPU
		{4D732C23-FD40-44C6-A87B-4ECC09FF0E7B}.Debug|Any CPU.Build.0 = Debug|Any CPU
		{4D732C23-FD40-44C6-A87B-4ECC09FF0E7B}.Release|Any CPU.ActiveCfg = Release|Any CPU
		{4D732C23-FD40-44C6-A87B-4ECC09FF0E7B}.Release|Any CPU.Build.0 = Release|Any CPU
		{12AEA67D-128D-44B9-AA22-B73CD151791D}.Debug|Any CPU.ActiveCfg = Debug|Any CPU
		{12AEA67D-128D-44B9-AA22-B73CD151791D}.Debug|Any CPU.Build.0 = Debug|Any CPU
		{12AEA67D-128D-44B9-AA22-B73CD151791D}.Release|Any CPU.ActiveCfg = Release|Any CPU
		{12AEA67D-128D-44B9-AA22-B73CD151791D}.Release|Any CPU.Build.0 = Release|Any CPU
		{43BF2521-CFFD-49DD-998E-B30D6F844771}.Debug|Any CPU.ActiveCfg = Debug|Any CPU
		{43BF2521-CFFD-49DD-998E-B30D6F844771}.Debug|Any CPU.Build.0 = Debug|Any CPU
		{43BF2521-CFFD-49DD-998E-B30D6F844771}.Release|Any CPU.ActiveCfg = Release|Any CPU
		{43BF2521-CFFD-49DD-998E-B30D6F844771}.Release|Any CPU.Build.0 = Release|Any CPU
		{95DA746D-8D18-483C-A89B-C9626EF1699A}.Debug|Any CPU.ActiveCfg = Debug|Any CPU
		{95DA746D-8D18-483C-A89B-C9626EF1699A}.Debug|Any CPU.Build.0 = Debug|Any CPU
		{95DA746D-8D18-483C-A89B-C9626EF1699A}.Release|Any CPU.ActiveCfg = Release|Any CPU
		{95DA746D-8D18-483C-A89B-C9626EF1699A}.Release|Any CPU.Build.0 = Release|Any CPU
		{5F5E4510-FDAA-485D-A61B-5E92EC589488}.Debug|Any CPU.ActiveCfg = Debug|Any CPU
		{5F5E4510-FDAA-485D-A61B-5E92EC589488}.Debug|Any CPU.Build.0 = Debug|Any CPU
		{5F5E4510-FDAA-485D-A61B-5E92EC589488}.Release|Any CPU.ActiveCfg = Release|Any CPU
		{5F5E4510-FDAA-485D-A61B-5E92EC589488}.Release|Any CPU.Build.0 = Release|Any CPU
		{E1BABDF7-298B-4C4B-80D0-5FC2C849F0AF}.Debug|Any CPU.ActiveCfg = Debug|Any CPU
		{E1BABDF7-298B-4C4B-80D0-5FC2C849F0AF}.Debug|Any CPU.Build.0 = Debug|Any CPU
		{E1BABDF7-298B-4C4B-80D0-5FC2C849F0AF}.Release|Any CPU.ActiveCfg = Release|Any CPU
		{E1BABDF7-298B-4C4B-80D0-5FC2C849F0AF}.Release|Any CPU.Build.0 = Release|Any CPU
		{1C410AE4-7578-4532-9ACB-C5B3F36C9CB5}.Debug|Any CPU.ActiveCfg = Debug|Any CPU
		{1C410AE4-7578-4532-9ACB-C5B3F36C9CB5}.Debug|Any CPU.Build.0 = Debug|Any CPU
		{1C410AE4-7578-4532-9ACB-C5B3F36C9CB5}.Release|Any CPU.ActiveCfg = Release|Any CPU
		{1C410AE4-7578-4532-9ACB-C5B3F36C9CB5}.Release|Any CPU.Build.0 = Release|Any CPU
		{03B0D56C-7E41-46D8-94AD-2417972A7226}.Debug|Any CPU.ActiveCfg = Debug|Any CPU
		{03B0D56C-7E41-46D8-94AD-2417972A7226}.Debug|Any CPU.Build.0 = Debug|Any CPU
		{03B0D56C-7E41-46D8-94AD-2417972A7226}.Release|Any CPU.ActiveCfg = Release|Any CPU
		{03B0D56C-7E41-46D8-94AD-2417972A7226}.Release|Any CPU.Build.0 = Release|Any CPU
		{ABA341E5-BEBD-43F7-9118-7948BECDB40C}.Debug|Any CPU.ActiveCfg = Debug|Any CPU
		{ABA341E5-BEBD-43F7-9118-7948BECDB40C}.Debug|Any CPU.Build.0 = Debug|Any CPU
		{ABA341E5-BEBD-43F7-9118-7948BECDB40C}.Release|Any CPU.ActiveCfg = Release|Any CPU
		{ABA341E5-BEBD-43F7-9118-7948BECDB40C}.Release|Any CPU.Build.0 = Release|Any CPU
		{282A7FBB-C475-4354-97D9-C288DDEAD384}.Debug|Any CPU.ActiveCfg = Debug|Any CPU
		{282A7FBB-C475-4354-97D9-C288DDEAD384}.Debug|Any CPU.Build.0 = Debug|Any CPU
		{282A7FBB-C475-4354-97D9-C288DDEAD384}.Release|Any CPU.ActiveCfg = Release|Any CPU
		{282A7FBB-C475-4354-97D9-C288DDEAD384}.Release|Any CPU.Build.0 = Release|Any CPU
		{0BD9AF02-535F-4ACD-9217-884323BED5F8}.Debug|Any CPU.ActiveCfg = Debug|Any CPU
		{0BD9AF02-535F-4ACD-9217-884323BED5F8}.Debug|Any CPU.Build.0 = Debug|Any CPU
		{0BD9AF02-535F-4ACD-9217-884323BED5F8}.Release|Any CPU.ActiveCfg = Release|Any CPU
		{0BD9AF02-535F-4ACD-9217-884323BED5F8}.Release|Any CPU.Build.0 = Release|Any CPU
		{591DD7DB-6319-448A-92EE-6B5EC67343EC}.Debug|Any CPU.ActiveCfg = Debug|Any CPU
		{591DD7DB-6319-448A-92EE-6B5EC67343EC}.Debug|Any CPU.Build.0 = Debug|Any CPU
		{591DD7DB-6319-448A-92EE-6B5EC67343EC}.Release|Any CPU.ActiveCfg = Release|Any CPU
		{591DD7DB-6319-448A-92EE-6B5EC67343EC}.Release|Any CPU.Build.0 = Release|Any CPU
		{D93B7EFF-2F32-4A05-927B-75E5EFA94DC7}.Debug|Any CPU.ActiveCfg = Debug|Any CPU
		{D93B7EFF-2F32-4A05-927B-75E5EFA94DC7}.Debug|Any CPU.Build.0 = Debug|Any CPU
		{D93B7EFF-2F32-4A05-927B-75E5EFA94DC7}.Release|Any CPU.ActiveCfg = Release|Any CPU
		{D93B7EFF-2F32-4A05-927B-75E5EFA94DC7}.Release|Any CPU.Build.0 = Release|Any CPU
		{2C8CA804-4EEE-4FE7-8BC3-ED291A9CCB92}.Debug|Any CPU.ActiveCfg = Debug|Any CPU
		{2C8CA804-4EEE-4FE7-8BC3-ED291A9CCB92}.Debug|Any CPU.Build.0 = Debug|Any CPU
		{2C8CA804-4EEE-4FE7-8BC3-ED291A9CCB92}.Release|Any CPU.ActiveCfg = Release|Any CPU
		{2C8CA804-4EEE-4FE7-8BC3-ED291A9CCB92}.Release|Any CPU.Build.0 = Release|Any CPU
		{11745AD9-34F4-4244-97D2-DC88C150BE17}.Debug|Any CPU.ActiveCfg = Debug|Any CPU
		{11745AD9-34F4-4244-97D2-DC88C150BE17}.Debug|Any CPU.Build.0 = Debug|Any CPU
		{11745AD9-34F4-4244-97D2-DC88C150BE17}.Release|Any CPU.ActiveCfg = Release|Any CPU
		{11745AD9-34F4-4244-97D2-DC88C150BE17}.Release|Any CPU.Build.0 = Release|Any CPU
		{86E886F7-5C9F-4333-BA70-D7D7613D00DD}.Debug|Any CPU.ActiveCfg = Debug|Any CPU
		{86E886F7-5C9F-4333-BA70-D7D7613D00DD}.Debug|Any CPU.Build.0 = Debug|Any CPU
		{86E886F7-5C9F-4333-BA70-D7D7613D00DD}.Release|Any CPU.ActiveCfg = Release|Any CPU
		{86E886F7-5C9F-4333-BA70-D7D7613D00DD}.Release|Any CPU.Build.0 = Release|Any CPU
		{A9A5DCB2-5ED4-491C-A4A1-CFEDA7BF66CD}.Debug|Any CPU.ActiveCfg = Debug|Any CPU
		{A9A5DCB2-5ED4-491C-A4A1-CFEDA7BF66CD}.Debug|Any CPU.Build.0 = Debug|Any CPU
		{A9A5DCB2-5ED4-491C-A4A1-CFEDA7BF66CD}.Release|Any CPU.ActiveCfg = Release|Any CPU
		{A9A5DCB2-5ED4-491C-A4A1-CFEDA7BF66CD}.Release|Any CPU.Build.0 = Release|Any CPU
		{558671EC-E382-4AC8-91C6-DFD6B6702BCF}.Debug|Any CPU.ActiveCfg = Debug|Any CPU
		{558671EC-E382-4AC8-91C6-DFD6B6702BCF}.Debug|Any CPU.Build.0 = Debug|Any CPU
		{558671EC-E382-4AC8-91C6-DFD6B6702BCF}.Release|Any CPU.ActiveCfg = Release|Any CPU
		{558671EC-E382-4AC8-91C6-DFD6B6702BCF}.Release|Any CPU.Build.0 = Release|Any CPU
		{F7045844-4EEB-4C8E-83CF-A7DE3B37F523}.Debug|Any CPU.ActiveCfg = Debug|Any CPU
		{F7045844-4EEB-4C8E-83CF-A7DE3B37F523}.Debug|Any CPU.Build.0 = Debug|Any CPU
		{F7045844-4EEB-4C8E-83CF-A7DE3B37F523}.Release|Any CPU.ActiveCfg = Release|Any CPU
		{F7045844-4EEB-4C8E-83CF-A7DE3B37F523}.Release|Any CPU.Build.0 = Release|Any CPU
		{56A0BECE-D158-40DA-92DC-3295AC174F55}.Debug|Any CPU.ActiveCfg = Debug|Any CPU
		{56A0BECE-D158-40DA-92DC-3295AC174F55}.Debug|Any CPU.Build.0 = Debug|Any CPU
		{56A0BECE-D158-40DA-92DC-3295AC174F55}.Release|Any CPU.ActiveCfg = Release|Any CPU
		{56A0BECE-D158-40DA-92DC-3295AC174F55}.Release|Any CPU.Build.0 = Release|Any CPU
	EndGlobalSection
	GlobalSection(SolutionProperties) = preSolution
		HideSolutionNode = FALSE
	EndGlobalSection
	GlobalSection(NestedProjects) = preSolution
		{2E0682E5-C5C2-477C-83A0-FC2AC488BA8D} = {131DAEF0-5005-4D3A-B6A9-CE6E65967498}
		{4D732C23-FD40-44C6-A87B-4ECC09FF0E7B} = {131DAEF0-5005-4D3A-B6A9-CE6E65967498}
		{12AEA67D-128D-44B9-AA22-B73CD151791D} = {131DAEF0-5005-4D3A-B6A9-CE6E65967498}
		{43BF2521-CFFD-49DD-998E-B30D6F844771} = {131DAEF0-5005-4D3A-B6A9-CE6E65967498}
		{1374FE05-46C8-4609-A6B0-42C218B86C4E} = {64CC5228-08E2-4BDA-BA3B-0C7CFC7D639E}
		{95DA746D-8D18-483C-A89B-C9626EF1699A} = {1374FE05-46C8-4609-A6B0-42C218B86C4E}
		{5F5E4510-FDAA-485D-A61B-5E92EC589488} = {1374FE05-46C8-4609-A6B0-42C218B86C4E}
		{E1BABDF7-298B-4C4B-80D0-5FC2C849F0AF} = {1374FE05-46C8-4609-A6B0-42C218B86C4E}
		{5D301BB4-ADE1-48E4-8AA1-A62C859AFA36} = {8F72AB4A-BAD4-49FE-B692-8E1DB5E3CC8B}
		{1C410AE4-7578-4532-9ACB-C5B3F36C9CB5} = {5D301BB4-ADE1-48E4-8AA1-A62C859AFA36}
		{EC0FB4AB-0B99-4CDD-8E20-2F65AC51A2F4} = {64CC5228-08E2-4BDA-BA3B-0C7CFC7D639E}
		{03B0D56C-7E41-46D8-94AD-2417972A7226} = {EC0FB4AB-0B99-4CDD-8E20-2F65AC51A2F4}
		{ABA341E5-BEBD-43F7-9118-7948BECDB40C} = {EC0FB4AB-0B99-4CDD-8E20-2F65AC51A2F4}
		{0602E561-E716-4C57-96DE-69931FF9769D} = {64CC5228-08E2-4BDA-BA3B-0C7CFC7D639E}
		{282A7FBB-C475-4354-97D9-C288DDEAD384} = {0602E561-E716-4C57-96DE-69931FF9769D}
		{0BD9AF02-535F-4ACD-9217-884323BED5F8} = {131DAEF0-5005-4D3A-B6A9-CE6E65967498}
		{591DD7DB-6319-448A-92EE-6B5EC67343EC} = {FE4C4D5B-25C2-4717-9D33-A0C9DB0353E2}
		{D93B7EFF-2F32-4A05-927B-75E5EFA94DC7} = {FE4C4D5B-25C2-4717-9D33-A0C9DB0353E2}
		{2C8CA804-4EEE-4FE7-8BC3-ED291A9CCB92} = {35A2467B-F774-4644-8AC9-729FDFB135D1}
		{11745AD9-34F4-4244-97D2-DC88C150BE17} = {4C143678-3DFF-43F1-870C-8A15FD8FA48C}
		{86E886F7-5C9F-4333-BA70-D7D7613D00DD} = {4C143678-3DFF-43F1-870C-8A15FD8FA48C}
		{A9A5DCB2-5ED4-491C-A4A1-CFEDA7BF66CD} = {86FC8A8D-6688-460B-9A1F-C5A49B055C3D}
		{558671EC-E382-4AC8-91C6-DFD6B6702BCF} = {86FC8A8D-6688-460B-9A1F-C5A49B055C3D}
		{F7045844-4EEB-4C8E-83CF-A7DE3B37F523} = {86FC8A8D-6688-460B-9A1F-C5A49B055C3D}
		{56A0BECE-D158-40DA-92DC-3295AC174F55} = {86FC8A8D-6688-460B-9A1F-C5A49B055C3D}
	EndGlobalSection
	GlobalSection(ExtensibilityGlobals) = postSolution
		SolutionGuid = {E5FB98E3-504F-4E59-A466-98DE782B28CA}
	EndGlobalSection
EndGlobal
